
Microsoft Visual Studio Solution File, Format Version 12.00
# Visual Studio Version 16
VisualStudioVersion = 16.0.31729.503
MinimumVisualStudioVersion = 10.0.40219.1
Project("{9A19103F-16F7-4668-BE54-9A1E7A4F7556}") = "lab01", "lab01\lab01.csproj", "{DC28248E-8AF8-4B2D-9D79-D135F2BFC873}"
EndProject
Project("{9A19103F-16F7-4668-BE54-9A1E7A4F7556}") = "lab02", "lab02\lab02.csproj", "{D9B676BC-BFD7-4C6D-AC8B-D8AE8A2A6003}"
EndProject
Global
	GlobalSection(SolutionConfigurationPlatforms) = preSolution
		Debug|Any CPU = Debug|Any CPU
		Release|Any CPU = Release|Any CPU
	EndGlobalSection
	GlobalSection(ProjectConfigurationPlatforms) = postSolution
		{DC28248E-8AF8-4B2D-9D79-D135F2BFC873}.Debug|Any CPU.ActiveCfg = Debug|Any CPU
		{DC28248E-8AF8-4B2D-9D79-D135F2BFC873}.Debug|Any CPU.Build.0 = Debug|Any CPU
		{DC28248E-8AF8-4B2D-9D79-D135F2BFC873}.Release|Any CPU.ActiveCfg = Release|Any CPU
		{DC28248E-8AF8-4B2D-9D79-D135F2BFC873}.Release|Any CPU.Build.0 = Release|Any CPU
		{D9B676BC-BFD7-4C6D-AC8B-D8AE8A2A6003}.Debug|Any CPU.ActiveCfg = Debug|Any CPU
		{D9B676BC-BFD7-4C6D-AC8B-D8AE8A2A6003}.Debug|Any CPU.Build.0 = Debug|Any CPU
		{D9B676BC-BFD7-4C6D-AC8B-D8AE8A2A6003}.Release|Any CPU.ActiveCfg = Release|Any CPU
		{D9B676BC-BFD7-4C6D-AC8B-D8AE8A2A6003}.Release|Any CPU.Build.0 = Release|Any CPU
	EndGlobalSection
	GlobalSection(SolutionProperties) = preSolution
		HideSolutionNode = FALSE
	EndGlobalSection
	GlobalSection(ExtensibilityGlobals) = postSolution
		SolutionGuid = {3BEE5D03-4FEB-4680-B091-527745A87088}
	EndGlobalSection
EndGlobal
